
Microsoft Visual Studio Solution File, Format Version 12.00
# Visual Studio Version 16
VisualStudioVersion = 16.0.31025.218
MinimumVisualStudioVersion = 10.0.40219.1
Project("{9A19103F-16F7-4668-BE54-9A1E7A4F7556}") = "Ch01", "Ch01\Ch01.csproj", "{71FF707A-6C3F-403D-9E92-BF4EA994F49A}"
EndProject
Global
	GlobalSection(SolutionConfigurationPlatforms) = preSolution
		Debug|Any CPU = Debug|Any CPU
		Release|Any CPU = Release|Any CPU
	EndGlobalSection
	GlobalSection(ProjectConfigurationPlatforms) = postSolution
		{71FF707A-6C3F-403D-9E92-BF4EA994F49A}.Debug|Any CPU.ActiveCfg = Debug|Any CPU
		{71FF707A-6C3F-403D-9E92-BF4EA994F49A}.Debug|Any CPU.Build.0 = Debug|Any CPU
		{71FF707A-6C3F-403D-9E92-BF4EA994F49A}.Release|Any CPU.ActiveCfg = Release|Any CPU
		{71FF707A-6C3F-403D-9E92-BF4EA994F49A}.Release|Any CPU.Build.0 = Release|Any CPU
	EndGlobalSection
	GlobalSection(SolutionProperties) = preSolution
		HideSolutionNode = FALSE
	EndGlobalSection
	GlobalSection(ExtensibilityGlobals) = postSolution
		SolutionGuid = {5BA35A38-D2C4-4A51-910A-185C60F397D3}
	EndGlobalSection
EndGlobal
